
Microsoft Visual Studio Solution File, Format Version 12.00
# Visual Studio Version 17
VisualStudioVersion = 17.13.35828.75 d17.13
MinimumVisualStudioVersion = 10.0.40219.1
Project("{FAE04EC0-301F-11D3-BF4B-00C04F79EFBC}") = "InventoryHub2", "InventoryHub2\InventoryHub2.csproj", "{F141DEF2-80C7-4098-83EE-80C345836689}"
EndProject
Global
	GlobalSection(SolutionConfigurationPlatforms) = preSolution
		Debug|Any CPU = Debug|Any CPU
		Release|Any CPU = Release|Any CPU
	EndGlobalSection
	GlobalSection(ProjectConfigurationPlatforms) = postSolution
		{F141DEF2-80C7-4098-83EE-80C345836689}.Debug|Any CPU.ActiveCfg = Debug|Any CPU
		{F141DEF2-80C7-4098-83EE-80C345836689}.Debug|Any CPU.Build.0 = Debug|Any CPU
		{F141DEF2-80C7-4098-83EE-80C345836689}.Release|Any CPU.ActiveCfg = Release|Any CPU
		{F141DEF2-80C7-4098-83EE-80C345836689}.Release|Any CPU.Build.0 = Release|Any CPU
	EndGlobalSection
	GlobalSection(SolutionProperties) = preSolution
		HideSolutionNode = FALSE
	EndGlobalSection
	GlobalSection(ExtensibilityGlobals) = postSolution
		SolutionGuid = {5979328A-7617-4F8A-A613-7C457D01C5CF}
	EndGlobalSection
EndGlobal
