
Microsoft Visual Studio Solution File, Format Version 12.00
# Visual Studio Version 17
VisualStudioVersion = 17.13.35828.75 d17.13
MinimumVisualStudioVersion = 10.0.40219.1
Project("{FAE04EC0-301F-11D3-BF4B-00C04F79EFBC}") = "UserAuthInMemoryApp", "UserAuthInMemoryApp.csproj", "{3536CF2C-753B-D429-00CE-F94536786DCE}"
EndProject
Global
	GlobalSection(SolutionConfigurationPlatforms) = preSolution
		Debug|Any CPU = Debug|Any CPU
		Release|Any CPU = Release|Any CPU
	EndGlobalSection
	GlobalSection(ProjectConfigurationPlatforms) = postSolution
		{3536CF2C-753B-D429-00CE-F94536786DCE}.Debug|Any CPU.ActiveCfg = Debug|Any CPU
		{3536CF2C-753B-D429-00CE-F94536786DCE}.Debug|Any CPU.Build.0 = Debug|Any CPU
		{3536CF2C-753B-D429-00CE-F94536786DCE}.Release|Any CPU.ActiveCfg = Release|Any CPU
		{3536CF2C-753B-D429-00CE-F94536786DCE}.Release|Any CPU.Build.0 = Release|Any CPU
	EndGlobalSection
	GlobalSection(SolutionProperties) = preSolution
		HideSolutionNode = FALSE
	EndGlobalSection
	GlobalSection(ExtensibilityGlobals) = postSolution
		SolutionGuid = {044E861B-B1DF-4648-B55A-3A552ACF478F}
	EndGlobalSection
EndGlobal
